// !$*UTF8*$!
{
	archiveVersion = 1;
	classes = {
	};
	objectVersion = 46;
	objects = {

/* Begin PBXBuildFile section */
		1B03C5A01A3876C7001BD341 /* BUCBookmarkController.m in Sources */ = {isa = PBXBuildFile; fileRef = 1B03C59F1A3876C7001BD341 /* BUCBookmarkController.m */; };
		1B03C5A21A387A38001BD341 /* data in Resources */ = {isa = PBXBuildFile; fileRef = 1B03C5A11A387A38001BD341 /* data */; };
		1B4362C61A353F2E00A95E14 /* Entitlements.plist in Resources */ = {isa = PBXBuildFile; fileRef = 1B4362C51A353F2E00A95E14 /* Entitlements.plist */; };
		1B4714C61A33FADD009AB55B /* BUCForumListController.m in Sources */ = {isa = PBXBuildFile; fileRef = 1B4714C51A33FADD009AB55B /* BUCForumListController.m */; };
		1B63FA271A39505200AA2244 /* BUCSettingsController.m in Sources */ = {isa = PBXBuildFile; fileRef = 1B63FA261A39505200AA2244 /* BUCSettingsController.m */; };
		1B711DF81A3ABA8600C9DB8F /* BUCEditorController.m in Sources */ = {isa = PBXBuildFile; fileRef = 1B711DF71A3ABA8600C9DB8F /* BUCEditorController.m */; };
		1B78AD4E1A2AF0E500E949E0 /* BUCPostDetailCell.m in Sources */ = {isa = PBXBuildFile; fileRef = 1B78AD4D1A2AF0E500E949E0 /* BUCPostDetailCell.m */; };
		1BDE21C91A2EC724009F82C9 /* UIImage+BUCImageCategory.m in Sources */ = {isa = PBXBuildFile; fileRef = 1BDE21C81A2EC724009F82C9 /* UIImage+BUCImageCategory.m */; };
		D803C6911A1782DB00D26604 /* BUCTextStack.m in Sources */ = {isa = PBXBuildFile; fileRef = D803C6901A1782DB00D26604 /* BUCTextStack.m */; };
		D8114CD4189012BC00F0E1A7 /* BUCAppDelegate.m in Sources */ = {isa = PBXBuildFile; fileRef = D8114CAA189012BC00F0E1A7 /* BUCAppDelegate.m */; };
		D8114CD6189012BC00F0E1A7 /* BUCPostListController.m in Sources */ = {isa = PBXBuildFile; fileRef = D8114CAF189012BC00F0E1A7 /* BUCPostListController.m */; };
		D8114CD8189012BC00F0E1A7 /* BUCLoginController.m in Sources */ = {isa = PBXBuildFile; fileRef = D8114CB3189012BC00F0E1A7 /* BUCLoginController.m */; };
		D848C0481A13BA8D0037F429 /* BUCImageController.m in Sources */ = {isa = PBXBuildFile; fileRef = D848C0471A13BA8D0037F429 /* BUCImageController.m */; };
		D853E7EB1A1594490003C284 /* TFHpple.m in Sources */ = {isa = PBXBuildFile; fileRef = D853E7E31A1594490003C284 /* TFHpple.m */; };
		D853E7EC1A1594490003C284 /* TFHppleElement.m in Sources */ = {isa = PBXBuildFile; fileRef = D853E7E51A1594490003C284 /* TFHppleElement.m */; };
		D853E7ED1A1594490003C284 /* XPathQuery.m in Sources */ = {isa = PBXBuildFile; fileRef = D853E7E71A1594490003C284 /* XPathQuery.m */; };
		D854166D19FCA88200013A1B /* libxml2.2.dylib in Frameworks */ = {isa = PBXBuildFile; fileRef = D854166C19FCA88200013A1B /* libxml2.2.dylib */; };
		D872DE601A0FB46A00450E0B /* images in Resources */ = {isa = PBXBuildFile; fileRef = D872DE5F1A0FB46A00450E0B /* images */; };
		D8807DF319FE06C6008CB741 /* BUCNetworkEngine.m in Sources */ = {isa = PBXBuildFile; fileRef = D8807DF219FE06C6008CB741 /* BUCNetworkEngine.m */; };
		D8A2461718910A9A00AFD27A /* Main.storyboard in Resources */ = {isa = PBXBuildFile; fileRef = D8A2461518910A9A00AFD27A /* Main.storyboard */; };
		D8A3BF98187C895E006CBF64 /* Foundation.framework in Frameworks */ = {isa = PBXBuildFile; fileRef = D8A3BF97187C895E006CBF64 /* Foundation.framework */; };
		D8A3BF9C187C895E006CBF64 /* UIKit.framework in Frameworks */ = {isa = PBXBuildFile; fileRef = D8A3BF9B187C895E006CBF64 /* UIKit.framework */; };
		D8A3BFA2187C895E006CBF64 /* InfoPlist.strings in Resources */ = {isa = PBXBuildFile; fileRef = D8A3BFA0187C895E006CBF64 /* InfoPlist.strings */; };
		D8A3BFA4187C895E006CBF64 /* main.m in Sources */ = {isa = PBXBuildFile; fileRef = D8A3BFA3187C895E006CBF64 /* main.m */; };
		D8A3BFAA187C895E006CBF64 /* Images.xcassets in Resources */ = {isa = PBXBuildFile; fileRef = D8A3BFA9187C895E006CBF64 /* Images.xcassets */; };
		D8B766F819F4FCA100EB63D2 /* BUCDataManager.m in Sources */ = {isa = PBXBuildFile; fileRef = D8B766F719F4FCA100EB63D2 /* BUCDataManager.m */; };
		D8B792ED1A07A4950028D645 /* BUCConstants.m in Sources */ = {isa = PBXBuildFile; fileRef = D8B792EC1A07A4950028D645 /* BUCConstants.m */; };
		D8C0BEC01A108D0300FBBE5A /* ImageIO.framework in Frameworks */ = {isa = PBXBuildFile; fileRef = D8C0BEBF1A108D0300FBBE5A /* ImageIO.framework */; };
		D8C8ECC41A0C81EC00D7759F /* BUCHTMLScraper.m in Sources */ = {isa = PBXBuildFile; fileRef = D8C8ECC31A0C81EC00D7759F /* BUCHTMLScraper.m */; };
		D8CA4DBD1A16051E0043DEAD /* BUCModels.m in Sources */ = {isa = PBXBuildFile; fileRef = D8CA4DBC1A16051E0043DEAD /* BUCModels.m */; };
		D8DDF7EB1A08C60000CEFBA9 /* BUCRootController.m in Sources */ = {isa = PBXBuildFile; fileRef = D8DDF7EA1A08C60000CEFBA9 /* BUCRootController.m */; };
		D8E3A88919FB42940047531E /* BUCPostListCell.m in Sources */ = {isa = PBXBuildFile; fileRef = D8E3A88819FB42940047531E /* BUCPostListCell.m */; };
		D8E46E9E1A0327910061C8DA /* BUCPostDetailController.m in Sources */ = {isa = PBXBuildFile; fileRef = D8E46E9D1A0327910061C8DA /* BUCPostDetailController.m */; };
/* End PBXBuildFile section */

/* Begin PBXFileReference section */
		1B03C59E1A3876C7001BD341 /* BUCBookmarkController.h */ = {isa = PBXFileReference; fileEncoding = 4; lastKnownFileType = sourcecode.c.h; path = BUCBookmarkController.h; sourceTree = "<group>"; };
		1B03C59F1A3876C7001BD341 /* BUCBookmarkController.m */ = {isa = PBXFileReference; fileEncoding = 4; lastKnownFileType = sourcecode.c.objc; path = BUCBookmarkController.m; sourceTree = "<group>"; };
		1B03C5A11A387A38001BD341 /* data */ = {isa = PBXFileReference; lastKnownFileType = folder; path = data; sourceTree = "<group>"; };
		1B4362C51A353F2E00A95E14 /* Entitlements.plist */ = {isa = PBXFileReference; fileEncoding = 4; lastKnownFileType = text.plist.xml; path = Entitlements.plist; sourceTree = "<group>"; };
		1B4714C41A33FADD009AB55B /* BUCForumListController.h */ = {isa = PBXFileReference; fileEncoding = 4; lastKnownFileType = sourcecode.c.h; path = BUCForumListController.h; sourceTree = "<group>"; };
		1B4714C51A33FADD009AB55B /* BUCForumListController.m */ = {isa = PBXFileReference; fileEncoding = 4; lastKnownFileType = sourcecode.c.objc; path = BUCForumListController.m; sourceTree = "<group>"; };
		1B63FA251A39505200AA2244 /* BUCSettingsController.h */ = {isa = PBXFileReference; fileEncoding = 4; lastKnownFileType = sourcecode.c.h; path = BUCSettingsController.h; sourceTree = "<group>"; };
		1B63FA261A39505200AA2244 /* BUCSettingsController.m */ = {isa = PBXFileReference; fileEncoding = 4; lastKnownFileType = sourcecode.c.objc; path = BUCSettingsController.m; sourceTree = "<group>"; };
		1B711DF61A3ABA8600C9DB8F /* BUCEditorController.h */ = {isa = PBXFileReference; fileEncoding = 4; lastKnownFileType = sourcecode.c.h; path = BUCEditorController.h; sourceTree = "<group>"; };
		1B711DF71A3ABA8600C9DB8F /* BUCEditorController.m */ = {isa = PBXFileReference; fileEncoding = 4; lastKnownFileType = sourcecode.c.objc; path = BUCEditorController.m; sourceTree = "<group>"; };
		1B78AD4C1A2AF0E500E949E0 /* BUCPostDetailCell.h */ = {isa = PBXFileReference; fileEncoding = 4; lastKnownFileType = sourcecode.c.h; path = BUCPostDetailCell.h; sourceTree = "<group>"; };
		1B78AD4D1A2AF0E500E949E0 /* BUCPostDetailCell.m */ = {isa = PBXFileReference; fileEncoding = 4; lastKnownFileType = sourcecode.c.objc; path = BUCPostDetailCell.m; sourceTree = "<group>"; };
		1BDE21C71A2EC724009F82C9 /* UIImage+BUCImageCategory.h */ = {isa = PBXFileReference; fileEncoding = 4; lastKnownFileType = sourcecode.c.h; path = "UIImage+BUCImageCategory.h"; sourceTree = "<group>"; };
		1BDE21C81A2EC724009F82C9 /* UIImage+BUCImageCategory.m */ = {isa = PBXFileReference; fileEncoding = 4; lastKnownFileType = sourcecode.c.objc; path = "UIImage+BUCImageCategory.m"; sourceTree = "<group>"; };
		D803C68F1A1782DB00D26604 /* BUCTextStack.h */ = {isa = PBXFileReference; fileEncoding = 4; lastKnownFileType = sourcecode.c.h; path = BUCTextStack.h; sourceTree = "<group>"; };
		D803C6901A1782DB00D26604 /* BUCTextStack.m */ = {isa = PBXFileReference; fileEncoding = 4; lastKnownFileType = sourcecode.c.objc; path = BUCTextStack.m; sourceTree = "<group>"; };
		D8114CA9189012BC00F0E1A7 /* BUCAppDelegate.h */ = {isa = PBXFileReference; fileEncoding = 4; lastKnownFileType = sourcecode.c.h; path = BUCAppDelegate.h; sourceTree = "<group>"; };
		D8114CAA189012BC00F0E1A7 /* BUCAppDelegate.m */ = {isa = PBXFileReference; fileEncoding = 4; lastKnownFileType = sourcecode.c.objc; path = BUCAppDelegate.m; sourceTree = "<group>"; };
		D8114CAE189012BC00F0E1A7 /* BUCPostListController.h */ = {isa = PBXFileReference; fileEncoding = 4; lastKnownFileType = sourcecode.c.h; path = BUCPostListController.h; sourceTree = "<group>"; };
		D8114CAF189012BC00F0E1A7 /* BUCPostListController.m */ = {isa = PBXFileReference; fileEncoding = 4; lastKnownFileType = sourcecode.c.objc; path = BUCPostListController.m; sourceTree = "<group>"; };
		D8114CB2189012BC00F0E1A7 /* BUCLoginController.h */ = {isa = PBXFileReference; fileEncoding = 4; lastKnownFileType = sourcecode.c.h; path = BUCLoginController.h; sourceTree = "<group>"; };
		D8114CB3189012BC00F0E1A7 /* BUCLoginController.m */ = {isa = PBXFileReference; fileEncoding = 4; lastKnownFileType = sourcecode.c.objc; path = BUCLoginController.m; sourceTree = "<group>"; };
		D848C0461A13BA8D0037F429 /* BUCImageController.h */ = {isa = PBXFileReference; fileEncoding = 4; lastKnownFileType = sourcecode.c.h; path = BUCImageController.h; sourceTree = "<group>"; };
		D848C0471A13BA8D0037F429 /* BUCImageController.m */ = {isa = PBXFileReference; fileEncoding = 4; lastKnownFileType = sourcecode.c.objc; path = BUCImageController.m; sourceTree = "<group>"; };
		D853E7E21A1594490003C284 /* TFHpple.h */ = {isa = PBXFileReference; fileEncoding = 4; lastKnownFileType = sourcecode.c.h; path = TFHpple.h; sourceTree = "<group>"; };
		D853E7E31A1594490003C284 /* TFHpple.m */ = {isa = PBXFileReference; fileEncoding = 4; lastKnownFileType = sourcecode.c.objc; path = TFHpple.m; sourceTree = "<group>"; };
		D853E7E41A1594490003C284 /* TFHppleElement.h */ = {isa = PBXFileReference; fileEncoding = 4; lastKnownFileType = sourcecode.c.h; path = TFHppleElement.h; sourceTree = "<group>"; };
		D853E7E51A1594490003C284 /* TFHppleElement.m */ = {isa = PBXFileReference; fileEncoding = 4; lastKnownFileType = sourcecode.c.objc; path = TFHppleElement.m; sourceTree = "<group>"; };
		D853E7E61A1594490003C284 /* XPathQuery.h */ = {isa = PBXFileReference; fileEncoding = 4; lastKnownFileType = sourcecode.c.h; path = XPathQuery.h; sourceTree = "<group>"; };
		D853E7E71A1594490003C284 /* XPathQuery.m */ = {isa = PBXFileReference; fileEncoding = 4; lastKnownFileType = sourcecode.c.objc; path = XPathQuery.m; sourceTree = "<group>"; };
		D854166C19FCA88200013A1B /* libxml2.2.dylib */ = {isa = PBXFileReference; lastKnownFileType = "compiled.mach-o.dylib"; name = libxml2.2.dylib; path = usr/lib/libxml2.2.dylib; sourceTree = SDKROOT; };
		D872DE5F1A0FB46A00450E0B /* images */ = {isa = PBXFileReference; lastKnownFileType = folder; path = images; sourceTree = "<group>"; };
		D8807DF119FE06C6008CB741 /* BUCNetworkEngine.h */ = {isa = PBXFileReference; fileEncoding = 4; lastKnownFileType = sourcecode.c.h; path = BUCNetworkEngine.h; sourceTree = "<group>"; };
		D8807DF219FE06C6008CB741 /* BUCNetworkEngine.m */ = {isa = PBXFileReference; fileEncoding = 4; lastKnownFileType = sourcecode.c.objc; path = BUCNetworkEngine.m; sourceTree = "<group>"; };
		D8A2461518910A9A00AFD27A /* Main.storyboard */ = {isa = PBXFileReference; fileEncoding = 4; lastKnownFileType = file.storyboard; path = Main.storyboard; sourceTree = "<group>"; };
		D8A3BF94187C895E006CBF64 /* BUClient.app */ = {isa = PBXFileReference; explicitFileType = wrapper.application; includeInIndex = 0; path = BUClient.app; sourceTree = BUILT_PRODUCTS_DIR; };
		D8A3BF97187C895E006CBF64 /* Foundation.framework */ = {isa = PBXFileReference; lastKnownFileType = wrapper.framework; name = Foundation.framework; path = System/Library/Frameworks/Foundation.framework; sourceTree = SDKROOT; };
		D8A3BF99187C895E006CBF64 /* CoreGraphics.framework */ = {isa = PBXFileReference; lastKnownFileType = wrapper.framework; name = CoreGraphics.framework; path = System/Library/Frameworks/CoreGraphics.framework; sourceTree = SDKROOT; };
		D8A3BF9B187C895E006CBF64 /* UIKit.framework */ = {isa = PBXFileReference; lastKnownFileType = wrapper.framework; name = UIKit.framework; path = System/Library/Frameworks/UIKit.framework; sourceTree = SDKROOT; };
		D8A3BF9F187C895E006CBF64 /* BUClient-Info.plist */ = {isa = PBXFileReference; lastKnownFileType = text.plist.xml; path = "BUClient-Info.plist"; sourceTree = "<group>"; };
		D8A3BFA1187C895E006CBF64 /* en */ = {isa = PBXFileReference; lastKnownFileType = text.plist.strings; name = en; path = en.lproj/InfoPlist.strings; sourceTree = "<group>"; };
		D8A3BFA3187C895E006CBF64 /* main.m */ = {isa = PBXFileReference; lastKnownFileType = sourcecode.c.objc; path = main.m; sourceTree = "<group>"; };
		D8A3BFA5187C895E006CBF64 /* BUClient-Prefix.pch */ = {isa = PBXFileReference; lastKnownFileType = sourcecode.c.h; path = "BUClient-Prefix.pch"; sourceTree = "<group>"; };
		D8A3BFA9187C895E006CBF64 /* Images.xcassets */ = {isa = PBXFileReference; lastKnownFileType = folder.assetcatalog; path = Images.xcassets; sourceTree = "<group>"; };
		D8B766F619F4FCA100EB63D2 /* BUCDataManager.h */ = {isa = PBXFileReference; fileEncoding = 4; lastKnownFileType = sourcecode.c.h; path = BUCDataManager.h; sourceTree = "<group>"; };
		D8B766F719F4FCA100EB63D2 /* BUCDataManager.m */ = {isa = PBXFileReference; fileEncoding = 4; lastKnownFileType = sourcecode.c.objc; path = BUCDataManager.m; sourceTree = "<group>"; };
		D8B792EB1A07A4850028D645 /* BUCConstants.h */ = {isa = PBXFileReference; lastKnownFileType = sourcecode.c.h; name = BUCConstants.h; path = BUClient/Classes/Misc/BUCConstants.h; sourceTree = SOURCE_ROOT; };
		D8B792EC1A07A4950028D645 /* BUCConstants.m */ = {isa = PBXFileReference; fileEncoding = 4; lastKnownFileType = sourcecode.c.objc; name = BUCConstants.m; path = BUClient/Classes/Misc/BUCConstants.m; sourceTree = SOURCE_ROOT; };
		D8C0BEBF1A108D0300FBBE5A /* ImageIO.framework */ = {isa = PBXFileReference; lastKnownFileType = wrapper.framework; name = ImageIO.framework; path = System/Library/Frameworks/ImageIO.framework; sourceTree = SDKROOT; };
		D8C8ECC21A0C81EC00D7759F /* BUCHTMLScraper.h */ = {isa = PBXFileReference; fileEncoding = 4; lastKnownFileType = sourcecode.c.h; path = BUCHTMLScraper.h; sourceTree = "<group>"; };
		D8C8ECC31A0C81EC00D7759F /* BUCHTMLScraper.m */ = {isa = PBXFileReference; fileEncoding = 4; lastKnownFileType = sourcecode.c.objc; path = BUCHTMLScraper.m; sourceTree = "<group>"; };
		D8CA4DBB1A1604990043DEAD /* BUCModels.h */ = {isa = PBXFileReference; fileEncoding = 4; lastKnownFileType = sourcecode.c.h; path = BUCModels.h; sourceTree = "<group>"; };
		D8CA4DBC1A16051E0043DEAD /* BUCModels.m */ = {isa = PBXFileReference; fileEncoding = 4; lastKnownFileType = sourcecode.c.objc; path = BUCModels.m; sourceTree = "<group>"; };
		D8DDF7E91A08C60000CEFBA9 /* BUCRootController.h */ = {isa = PBXFileReference; fileEncoding = 4; lastKnownFileType = sourcecode.c.h; path = BUCRootController.h; sourceTree = "<group>"; };
		D8DDF7EA1A08C60000CEFBA9 /* BUCRootController.m */ = {isa = PBXFileReference; fileEncoding = 4; lastKnownFileType = sourcecode.c.objc; path = BUCRootController.m; sourceTree = "<group>"; };
		D8E3A88719FB42940047531E /* BUCPostListCell.h */ = {isa = PBXFileReference; fileEncoding = 4; lastKnownFileType = sourcecode.c.h; path = BUCPostListCell.h; sourceTree = "<group>"; };
		D8E3A88819FB42940047531E /* BUCPostListCell.m */ = {isa = PBXFileReference; fileEncoding = 4; lastKnownFileType = sourcecode.c.objc; path = BUCPostListCell.m; sourceTree = "<group>"; };
		D8E46E9C1A0327910061C8DA /* BUCPostDetailController.h */ = {isa = PBXFileReference; fileEncoding = 4; lastKnownFileType = sourcecode.c.h; path = BUCPostDetailController.h; sourceTree = "<group>"; };
		D8E46E9D1A0327910061C8DA /* BUCPostDetailController.m */ = {isa = PBXFileReference; fileEncoding = 4; lastKnownFileType = sourcecode.c.objc; path = BUCPostDetailController.m; sourceTree = "<group>"; };
/* End PBXFileReference section */

/* Begin PBXFrameworksBuildPhase section */
		D8A3BF91187C895E006CBF64 /* Frameworks */ = {
			isa = PBXFrameworksBuildPhase;
			buildActionMask = 2147483647;
			files = (
				D8C0BEC01A108D0300FBBE5A /* ImageIO.framework in Frameworks */,
				D8A3BF98187C895E006CBF64 /* Foundation.framework in Frameworks */,
				D8A3BF9C187C895E006CBF64 /* UIKit.framework in Frameworks */,
				D854166D19FCA88200013A1B /* libxml2.2.dylib in Frameworks */,
			);
			runOnlyForDeploymentPostprocessing = 0;
		};
/* End PBXFrameworksBuildPhase section */

/* Begin PBXGroup section */
		D8114CA7189012BC00F0E1A7 /* Classes */ = {
			isa = PBXGroup;
			children = (
				D853E7E01A1594490003C284 /* ThirdParty */,
				D8BFD9701892972A0059DBDE /* Models */,
				D8114CA8189012BC00F0E1A7 /* AppDelegate */,
				D8114CAB189012BC00F0E1A7 /* Controllers */,
				D8114CB8189012BC00F0E1A7 /* Misc */,
				D8114CBD189012BC00F0E1A7 /* Views */,
			);
			path = Classes;
			sourceTree = "<group>";
		};
		D8114CA8189012BC00F0E1A7 /* AppDelegate */ = {
			isa = PBXGroup;
			children = (
				D8114CA9189012BC00F0E1A7 /* BUCAppDelegate.h */,
				D8114CAA189012BC00F0E1A7 /* BUCAppDelegate.m */,
			);
			path = AppDelegate;
			sourceTree = "<group>";
		};
		D8114CAB189012BC00F0E1A7 /* Controllers */ = {
			isa = PBXGroup;
			children = (
				D8114CB2189012BC00F0E1A7 /* BUCLoginController.h */,
				D8114CB3189012BC00F0E1A7 /* BUCLoginController.m */,
				D8DDF7E91A08C60000CEFBA9 /* BUCRootController.h */,
				D8DDF7EA1A08C60000CEFBA9 /* BUCRootController.m */,
				1B4714C41A33FADD009AB55B /* BUCForumListController.h */,
				1B4714C51A33FADD009AB55B /* BUCForumListController.m */,
				1B03C59E1A3876C7001BD341 /* BUCBookmarkController.h */,
				1B03C59F1A3876C7001BD341 /* BUCBookmarkController.m */,
				1B63FA251A39505200AA2244 /* BUCSettingsController.h */,
				1B63FA261A39505200AA2244 /* BUCSettingsController.m */,
				1B711DF61A3ABA8600C9DB8F /* BUCEditorController.h */,
				1B711DF71A3ABA8600C9DB8F /* BUCEditorController.m */,
				D8114CAE189012BC00F0E1A7 /* BUCPostListController.h */,
				D8114CAF189012BC00F0E1A7 /* BUCPostListController.m */,
				D8E46E9C1A0327910061C8DA /* BUCPostDetailController.h */,
				D8E46E9D1A0327910061C8DA /* BUCPostDetailController.m */,
				D848C0461A13BA8D0037F429 /* BUCImageController.h */,
				D848C0471A13BA8D0037F429 /* BUCImageController.m */,
			);
			path = Controllers;
			sourceTree = "<group>";
		};
		D8114CB8189012BC00F0E1A7 /* Misc */ = {
			isa = PBXGroup;
			children = (
				D8B792EB1A07A4850028D645 /* BUCConstants.h */,
				D8B792EC1A07A4950028D645 /* BUCConstants.m */,
			);
			name = Misc;
			path = Utilities;
			sourceTree = "<group>";
		};
		D8114CBD189012BC00F0E1A7 /* Views */ = {
			isa = PBXGroup;
			children = (
				D8E3A88719FB42940047531E /* BUCPostListCell.h */,
				D8E3A88819FB42940047531E /* BUCPostListCell.m */,
				1B78AD4C1A2AF0E500E949E0 /* BUCPostDetailCell.h */,
				1B78AD4D1A2AF0E500E949E0 /* BUCPostDetailCell.m */,
				D803C68F1A1782DB00D26604 /* BUCTextStack.h */,
				D803C6901A1782DB00D26604 /* BUCTextStack.m */,
			);
			path = Views;
			sourceTree = "<group>";
		};
		D8114CC4189012BC00F0E1A7 /* Resources */ = {
			isa = PBXGroup;
			children = (
				1B03C5A11A387A38001BD341 /* data */,
				D872DE5F1A0FB46A00450E0B /* images */,
			);
			path = Resources;
			sourceTree = "<group>";
		};
		D853E7E01A1594490003C284 /* ThirdParty */ = {
			isa = PBXGroup;
			children = (
				D853E7E11A1594490003C284 /* Happle */,
			);
			path = ThirdParty;
			sourceTree = "<group>";
		};
		D853E7E11A1594490003C284 /* Happle */ = {
			isa = PBXGroup;
			children = (
				D853E7E21A1594490003C284 /* TFHpple.h */,
				D853E7E31A1594490003C284 /* TFHpple.m */,
				D853E7E41A1594490003C284 /* TFHppleElement.h */,
				D853E7E51A1594490003C284 /* TFHppleElement.m */,
				D853E7E61A1594490003C284 /* XPathQuery.h */,
				D853E7E71A1594490003C284 /* XPathQuery.m */,
			);
			path = Happle;
			sourceTree = "<group>";
		};
		D8A2461418910A9A00AFD27A /* UI */ = {
			isa = PBXGroup;
			children = (
				D8A2461518910A9A00AFD27A /* Main.storyboard */,
			);
			path = UI;
			sourceTree = "<group>";
		};
		D8A3BF8B187C895E006CBF64 = {
			isa = PBXGroup;
			children = (
				D8A3BF9D187C895E006CBF64 /* BUClient */,
				D8A3BF96187C895E006CBF64 /* Frameworks */,
				D8A3BF95187C895E006CBF64 /* Products */,
			);
			sourceTree = "<group>";
		};
		D8A3BF95187C895E006CBF64 /* Products */ = {
			isa = PBXGroup;
			children = (
				D8A3BF94187C895E006CBF64 /* BUClient.app */,
			);
			name = Products;
			sourceTree = "<group>";
		};
		D8A3BF96187C895E006CBF64 /* Frameworks */ = {
			isa = PBXGroup;
			children = (
				D8C0BEBF1A108D0300FBBE5A /* ImageIO.framework */,
				D854166C19FCA88200013A1B /* libxml2.2.dylib */,
				D8A3BF97187C895E006CBF64 /* Foundation.framework */,
				D8A3BF99187C895E006CBF64 /* CoreGraphics.framework */,
				D8A3BF9B187C895E006CBF64 /* UIKit.framework */,
			);
			name = Frameworks;
			sourceTree = "<group>";
		};
		D8A3BF9D187C895E006CBF64 /* BUClient */ = {
			isa = PBXGroup;
			children = (
				D8A2461418910A9A00AFD27A /* UI */,
				D8114CA7189012BC00F0E1A7 /* Classes */,
				D8114CC4189012BC00F0E1A7 /* Resources */,
				D8A3BFA9187C895E006CBF64 /* Images.xcassets */,
				D8A3BF9E187C895E006CBF64 /* Supporting Files */,
			);
			path = BUClient;
			sourceTree = "<group>";
		};
		D8A3BF9E187C895E006CBF64 /* Supporting Files */ = {
			isa = PBXGroup;
			children = (
				D8A3BF9F187C895E006CBF64 /* BUClient-Info.plist */,
				1B4362C51A353F2E00A95E14 /* Entitlements.plist */,
				D8A3BFA0187C895E006CBF64 /* InfoPlist.strings */,
				D8A3BFA3187C895E006CBF64 /* main.m */,
				D8A3BFA5187C895E006CBF64 /* BUClient-Prefix.pch */,
			);
			name = "Supporting Files";
			sourceTree = "<group>";
		};
		D8BFD9701892972A0059DBDE /* Models */ = {
			isa = PBXGroup;
			children = (
				1BDE21C71A2EC724009F82C9 /* UIImage+BUCImageCategory.h */,
				1BDE21C81A2EC724009F82C9 /* UIImage+BUCImageCategory.m */,
				D8807DF119FE06C6008CB741 /* BUCNetworkEngine.h */,
				D8807DF219FE06C6008CB741 /* BUCNetworkEngine.m */,
				D8B766F619F4FCA100EB63D2 /* BUCDataManager.h */,
				D8B766F719F4FCA100EB63D2 /* BUCDataManager.m */,
				D8C8ECC21A0C81EC00D7759F /* BUCHTMLScraper.h */,
				D8C8ECC31A0C81EC00D7759F /* BUCHTMLScraper.m */,
				D8CA4DBB1A1604990043DEAD /* BUCModels.h */,
				D8CA4DBC1A16051E0043DEAD /* BUCModels.m */,
			);
			path = Models;
			sourceTree = "<group>";
		};
/* End PBXGroup section */

/* Begin PBXNativeTarget section */
		D8A3BF93187C895E006CBF64 /* BUClient */ = {
			isa = PBXNativeTarget;
			buildConfigurationList = D8A3BFC0187C895F006CBF64 /* Build configuration list for PBXNativeTarget "BUClient" */;
			buildPhases = (
				D8A3BF90187C895E006CBF64 /* Sources */,
				D8A3BF91187C895E006CBF64 /* Frameworks */,
				D8A3BF92187C895E006CBF64 /* Resources */,
			);
			buildRules = (
			);
			dependencies = (
			);
			name = BUClient;
			productName = BUClient;
			productReference = D8A3BF94187C895E006CBF64 /* BUClient.app */;
			productType = "com.apple.product-type.application";
		};
/* End PBXNativeTarget section */

/* Begin PBXProject section */
		D8A3BF8C187C895E006CBF64 /* Project object */ = {
			isa = PBXProject;
			attributes = {
				CLASSPREFIX = BUC;
				LastUpgradeCheck = 0510;
				ORGANIZATIONNAME = Jox;
			};
			buildConfigurationList = D8A3BF8F187C895E006CBF64 /* Build configuration list for PBXProject "BUClient" */;
			compatibilityVersion = "Xcode 3.2";
			developmentRegion = English;
			hasScannedForEncodings = 0;
			knownRegions = (
				en,
			);
			mainGroup = D8A3BF8B187C895E006CBF64;
			productRefGroup = D8A3BF95187C895E006CBF64 /* Products */;
			projectDirPath = "";
			projectRoot = "";
			targets = (
				D8A3BF93187C895E006CBF64 /* BUClient */,
			);
		};
/* End PBXProject section */

/* Begin PBXResourcesBuildPhase section */
		D8A3BF92187C895E006CBF64 /* Resources */ = {
			isa = PBXResourcesBuildPhase;
			buildActionMask = 2147483647;
			files = (
				1B03C5A21A387A38001BD341 /* data in Resources */,
				D8A2461718910A9A00AFD27A /* Main.storyboard in Resources */,
				D8A3BFA2187C895E006CBF64 /* InfoPlist.strings in Resources */,
				D8A3BFAA187C895E006CBF64 /* Images.xcassets in Resources */,
				1B4362C61A353F2E00A95E14 /* Entitlements.plist in Resources */,
				D872DE601A0FB46A00450E0B /* images in Resources */,
			);
			runOnlyForDeploymentPostprocessing = 0;
		};
/* End PBXResourcesBuildPhase section */

/* Begin PBXSourcesBuildPhase section */
		D8A3BF90187C895E006CBF64 /* Sources */ = {
			isa = PBXSourcesBuildPhase;
			buildActionMask = 2147483647;
			files = (
				D8E46E9E1A0327910061C8DA /* BUCPostDetailController.m in Sources */,
				D8CA4DBD1A16051E0043DEAD /* BUCModels.m in Sources */,
				1BDE21C91A2EC724009F82C9 /* UIImage+BUCImageCategory.m in Sources */,
				D853E7ED1A1594490003C284 /* XPathQuery.m in Sources */,
				D8B792ED1A07A4950028D645 /* BUCConstants.m in Sources */,
				1B711DF81A3ABA8600C9DB8F /* BUCEditorController.m in Sources */,
				D8E3A88919FB42940047531E /* BUCPostListCell.m in Sources */,
				1B03C5A01A3876C7001BD341 /* BUCBookmarkController.m in Sources */,
				1B4714C61A33FADD009AB55B /* BUCForumListController.m in Sources */,
				1B78AD4E1A2AF0E500E949E0 /* BUCPostDetailCell.m in Sources */,
				1B63FA271A39505200AA2244 /* BUCSettingsController.m in Sources */,
				D8B766F819F4FCA100EB63D2 /* BUCDataManager.m in Sources */,
				D8A3BFA4187C895E006CBF64 /* main.m in Sources */,
				D8DDF7EB1A08C60000CEFBA9 /* BUCRootController.m in Sources */,
				D8114CD4189012BC00F0E1A7 /* BUCAppDelegate.m in Sources */,
				D8807DF319FE06C6008CB741 /* BUCNetworkEngine.m in Sources */,
				D8114CD6189012BC00F0E1A7 /* BUCPostListController.m in Sources */,
				D803C6911A1782DB00D26604 /* BUCTextStack.m in Sources */,
				D853E7EC1A1594490003C284 /* TFHppleElement.m in Sources */,
				D853E7EB1A1594490003C284 /* TFHpple.m in Sources */,
				D8114CD8189012BC00F0E1A7 /* BUCLoginController.m in Sources */,
				D848C0481A13BA8D0037F429 /* BUCImageController.m in Sources */,
				D8C8ECC41A0C81EC00D7759F /* BUCHTMLScraper.m in Sources */,
			);
			runOnlyForDeploymentPostprocessing = 0;
		};
/* End PBXSourcesBuildPhase section */

/* Begin PBXVariantGroup section */
		D8A3BFA0187C895E006CBF64 /* InfoPlist.strings */ = {
			isa = PBXVariantGroup;
			children = (
				D8A3BFA1187C895E006CBF64 /* en */,
			);
			name = InfoPlist.strings;
			sourceTree = "<group>";
		};
/* End PBXVariantGroup section */

/* Begin XCBuildConfiguration section */
		D8A3BFBE187C895F006CBF64 /* Debug */ = {
			isa = XCBuildConfiguration;
			buildSettings = {
				ALWAYS_SEARCH_USER_PATHS = NO;
				CLANG_CXX_LANGUAGE_STANDARD = "gnu++0x";
				CLANG_CXX_LIBRARY = "libc++";
				CLANG_ENABLE_MODULES = YES;
				CLANG_ENABLE_OBJC_ARC = YES;
				CLANG_WARN_BOOL_CONVERSION = YES;
				CLANG_WARN_CONSTANT_CONVERSION = YES;
				CLANG_WARN_DIRECT_OBJC_ISA_USAGE = YES_ERROR;
				CLANG_WARN_EMPTY_BODY = YES;
				CLANG_WARN_ENUM_CONVERSION = YES;
				CLANG_WARN_INT_CONVERSION = YES;
				CLANG_WARN_OBJC_ROOT_CLASS = YES_ERROR;
				CLANG_WARN__DUPLICATE_METHOD_MATCH = YES;
				CODE_SIGN_ENTITLEMENTS = Entitlements.plist;
				CODE_SIGN_IDENTITY = "-";
				"CODE_SIGN_IDENTITY[sdk=iphoneos*]" = "-";
				COPY_PHASE_STRIP = NO;
				GCC_C_LANGUAGE_STANDARD = gnu99;
				GCC_DYNAMIC_NO_PIC = NO;
				GCC_OPTIMIZATION_LEVEL = 0;
				GCC_PREPROCESSOR_DEFINITIONS = (
					"DEBUG=1",
					"$(inherited)",
				);
				GCC_SYMBOLS_PRIVATE_EXTERN = NO;
				GCC_WARN_64_TO_32_BIT_CONVERSION = YES;
				GCC_WARN_ABOUT_RETURN_TYPE = YES_ERROR;
				GCC_WARN_UNDECLARED_SELECTOR = YES;
				GCC_WARN_UNINITIALIZED_AUTOS = YES;
				GCC_WARN_UNUSED_FUNCTION = YES;
				GCC_WARN_UNUSED_VARIABLE = YES;
				GENERATE_PROFILING_CODE = YES;
				HEADER_SEARCH_PATHS = (
					"$(inherited)",
					/Applications/Xcode.app/Contents/Developer/Toolchains/XcodeDefault.xctoolchain/usr/include,
					"$(SDKROOT)/usr/include/libxml2",
				);
				IPHONEOS_DEPLOYMENT_TARGET = 7.1;
				ONLY_ACTIVE_ARCH = YES;
				SDKROOT = iphoneos;
			};
			name = Debug;
		};
		D8A3BFBF187C895F006CBF64 /* Release */ = {
			isa = XCBuildConfiguration;
			buildSettings = {
				ALWAYS_SEARCH_USER_PATHS = NO;
				CLANG_CXX_LANGUAGE_STANDARD = "gnu++0x";
				CLANG_CXX_LIBRARY = "libc++";
				CLANG_ENABLE_MODULES = YES;
				CLANG_ENABLE_OBJC_ARC = YES;
				CLANG_WARN_BOOL_CONVERSION = YES;
				CLANG_WARN_CONSTANT_CONVERSION = YES;
				CLANG_WARN_DIRECT_OBJC_ISA_USAGE = YES_ERROR;
				CLANG_WARN_EMPTY_BODY = YES;
				CLANG_WARN_ENUM_CONVERSION = YES;
				CLANG_WARN_INT_CONVERSION = YES;
				CLANG_WARN_OBJC_ROOT_CLASS = YES_ERROR;
				CLANG_WARN__DUPLICATE_METHOD_MATCH = YES;
				CODE_SIGN_ENTITLEMENTS = Entitlements.plist;
				CODE_SIGN_IDENTITY = "-";
				"CODE_SIGN_IDENTITY[sdk=iphoneos*]" = "-";
				COPY_PHASE_STRIP = YES;
				ENABLE_NS_ASSERTIONS = NO;
				GCC_C_LANGUAGE_STANDARD = gnu99;
				GCC_WARN_64_TO_32_BIT_CONVERSION = YES;
				GCC_WARN_ABOUT_RETURN_TYPE = YES_ERROR;
				GCC_WARN_UNDECLARED_SELECTOR = YES;
				GCC_WARN_UNINITIALIZED_AUTOS = YES;
				GCC_WARN_UNUSED_FUNCTION = YES;
				GCC_WARN_UNUSED_VARIABLE = YES;
				GENERATE_PROFILING_CODE = YES;
				HEADER_SEARCH_PATHS = (
					"$(inherited)",
					/Applications/Xcode.app/Contents/Developer/Toolchains/XcodeDefault.xctoolchain/usr/include,
					"$(SDKROOT)/usr/include/libxml2",
				);
				IPHONEOS_DEPLOYMENT_TARGET = 7.1;
				SDKROOT = iphoneos;
				VALIDATE_PRODUCT = YES;
			};
			name = Release;
		};
		D8A3BFC1187C895F006CBF64 /* Debug */ = {
			isa = XCBuildConfiguration;
			buildSettings = {
				ASSETCATALOG_COMPILER_APPICON_NAME = AppIcon;
				ASSETCATALOG_COMPILER_LAUNCHIMAGE_NAME = LaunchImage;
				CODE_SIGN_ENTITLEMENTS = Entitlements.plist;
				CODE_SIGN_IDENTITY = "-";
				"CODE_SIGN_IDENTITY[sdk=iphoneos*]" = "-";
				GCC_PRECOMPILE_PREFIX_HEADER = YES;
				GCC_PREFIX_HEADER = "BUClient/BUClient-Prefix.pch";
				INFOPLIST_FILE = "BUClient/BUClient-Info.plist";
				IPHONEOS_DEPLOYMENT_TARGET = 7.1;
				PRODUCT_NAME = "$(TARGET_NAME)";
				WRAPPER_EXTENSION = app;
			};
			name = Debug;
		};
		D8A3BFC2187C895F006CBF64 /* Release */ = {
			isa = XCBuildConfiguration;
			buildSettings = {
				ASSETCATALOG_COMPILER_APPICON_NAME = AppIcon;
				ASSETCATALOG_COMPILER_LAUNCHIMAGE_NAME = LaunchImage;
				CODE_SIGN_ENTITLEMENTS = Entitlements.plist;
				CODE_SIGN_IDENTITY = "-";
				GCC_PRECOMPILE_PREFIX_HEADER = YES;
				GCC_PREFIX_HEADER = "BUClient/BUClient-Prefix.pch";
				INFOPLIST_FILE = "BUClient/BUClient-Info.plist";
				IPHONEOS_DEPLOYMENT_TARGET = 7.1;
				PRODUCT_NAME = "$(TARGET_NAME)";
				WRAPPER_EXTENSION = app;
			};
			name = Release;
		};
/* End XCBuildConfiguration section */

/* Begin XCConfigurationList section */
		D8A3BF8F187C895E006CBF64 /* Build configuration list for PBXProject "BUClient" */ = {
			isa = XCConfigurationList;
			buildConfigurations = (
				D8A3BFBE187C895F006CBF64 /* Debug */,
				D8A3BFBF187C895F006CBF64 /* Release */,
			);
			defaultConfigurationIsVisible = 0;
			defaultConfigurationName = Release;
		};
		D8A3BFC0187C895F006CBF64 /* Build configuration list for PBXNativeTarget "BUClient" */ = {
			isa = XCConfigurationList;
			buildConfigurations = (
				D8A3BFC1187C895F006CBF64 /* Debug */,
				D8A3BFC2187C895F006CBF64 /* Release */,
			);
			defaultConfigurationIsVisible = 0;
			defaultConfigurationName = Release;
		};
/* End XCConfigurationList section */
	};
	rootObject = D8A3BF8C187C895E006CBF64 /* Project object */;
}
