// !$*UTF8*$!
{
	archiveVersion = 1;
	classes = {
	};
	objectVersion = 46;
	objects = {

/* Begin PBXBuildFile section */
		D8114CD4189012BC00F0E1A7 /* BUCAppDelegate.m in Sources */ = {isa = PBXBuildFile; fileRef = D8114CAA189012BC00F0E1A7 /* BUCAppDelegate.m */; };
		D8114CD5189012BC00F0E1A7 /* BUCContentController.m in Sources */ = {isa = PBXBuildFile; fileRef = D8114CAD189012BC00F0E1A7 /* BUCContentController.m */; };
		D8114CD6189012BC00F0E1A7 /* BUCPostListController.m in Sources */ = {isa = PBXBuildFile; fileRef = D8114CAF189012BC00F0E1A7 /* BUCPostListController.m */; };
		D8114CD8189012BC00F0E1A7 /* BUCLoginController.m in Sources */ = {isa = PBXBuildFile; fileRef = D8114CB3189012BC00F0E1A7 /* BUCLoginController.m */; };
		D8114CD9189012BC00F0E1A7 /* BUCRootController.m in Sources */ = {isa = PBXBuildFile; fileRef = D8114CB5189012BC00F0E1A7 /* BUCRootController.m */; };
		D8114CE0189012BC00F0E1A7 /* home.png in Resources */ = {isa = PBXBuildFile; fileRef = D8114CC6189012BC00F0E1A7 /* home.png */; };
		D8114CE1189012BC00F0E1A7 /* left.png in Resources */ = {isa = PBXBuildFile; fileRef = D8114CC7189012BC00F0E1A7 /* left.png */; };
		D8114CE2189012BC00F0E1A7 /* list.png in Resources */ = {isa = PBXBuildFile; fileRef = D8114CC8189012BC00F0E1A7 /* list.png */; };
		D8114CE3189012BC00F0E1A7 /* logout.png in Resources */ = {isa = PBXBuildFile; fileRef = D8114CC9189012BC00F0E1A7 /* logout.png */; };
		D8114CE5189012BC00F0E1A7 /* more.png in Resources */ = {isa = PBXBuildFile; fileRef = D8114CCB189012BC00F0E1A7 /* more.png */; };
		D8114CE6189012BC00F0E1A7 /* out.png in Resources */ = {isa = PBXBuildFile; fileRef = D8114CCC189012BC00F0E1A7 /* out.png */; };
		D8114CE8189012BC00F0E1A7 /* right.png in Resources */ = {isa = PBXBuildFile; fileRef = D8114CCE189012BC00F0E1A7 /* right.png */; };
		D8114CE9189012BC00F0E1A7 /* settings.png in Resources */ = {isa = PBXBuildFile; fileRef = D8114CCF189012BC00F0E1A7 /* settings.png */; };
		D8114CEA189012BC00F0E1A7 /* user.png in Resources */ = {isa = PBXBuildFile; fileRef = D8114CD0189012BC00F0E1A7 /* user.png */; };
		D8114CEB189012BC00F0E1A7 /* avatar.png in Resources */ = {isa = PBXBuildFile; fileRef = D8114CD2189012BC00F0E1A7 /* avatar.png */; };
		D8114CEC189012BC00F0E1A7 /* greyBackground.png in Resources */ = {isa = PBXBuildFile; fileRef = D8114CD3189012BC00F0E1A7 /* greyBackground.png */; };
		D8141E53189E2C1800342108 /* bunny.gif in Resources */ = {isa = PBXBuildFile; fileRef = D8141E52189E2C1800342108 /* bunny.gif */; };
		D8276DBA18A516ED00C18C52 /* BUCPicker.xib in Resources */ = {isa = PBXBuildFile; fileRef = D8276DB918A516ED00C18C52 /* BUCPicker.xib */; };
		D854166719FCA0C800013A1B /* TFHpple.m in Sources */ = {isa = PBXBuildFile; fileRef = D854166219FCA0C800013A1B /* TFHpple.m */; };
		D854166819FCA0C800013A1B /* TFHppleElement.m in Sources */ = {isa = PBXBuildFile; fileRef = D854166419FCA0C800013A1B /* TFHppleElement.m */; };
		D854166919FCA0C800013A1B /* XPathQuery.m in Sources */ = {isa = PBXBuildFile; fileRef = D854166619FCA0C800013A1B /* XPathQuery.m */; };
		D854166D19FCA88200013A1B /* libxml2.2.dylib in Frameworks */ = {isa = PBXBuildFile; fileRef = D854166C19FCA88200013A1B /* libxml2.2.dylib */; };
		D878CF2618B2994B0007441A /* default.html in Resources */ = {isa = PBXBuildFile; fileRef = D878CF2518B2994B0007441A /* default.html */; };
		D8807DF319FE06C6008CB741 /* BUCNetworkEngine.m in Sources */ = {isa = PBXBuildFile; fileRef = D8807DF219FE06C6008CB741 /* BUCNetworkEngine.m */; };
		D8807DF619FE06EB008CB741 /* BUCEmptySegue.m in Sources */ = {isa = PBXBuildFile; fileRef = D8807DF519FE06EB008CB741 /* BUCEmptySegue.m */; };
		D8850A121A03BB1E00ADDE67 /* BUCTextButton.m in Sources */ = {isa = PBXBuildFile; fileRef = D8850A111A03BB1E00ADDE67 /* BUCTextButton.m */; };
		D8A2461718910A9A00AFD27A /* Main.storyboard in Resources */ = {isa = PBXBuildFile; fileRef = D8A2461518910A9A00AFD27A /* Main.storyboard */; };
		D8A3BF98187C895E006CBF64 /* Foundation.framework in Frameworks */ = {isa = PBXBuildFile; fileRef = D8A3BF97187C895E006CBF64 /* Foundation.framework */; };
		D8A3BF9A187C895E006CBF64 /* CoreGraphics.framework in Frameworks */ = {isa = PBXBuildFile; fileRef = D8A3BF99187C895E006CBF64 /* CoreGraphics.framework */; };
		D8A3BF9C187C895E006CBF64 /* UIKit.framework in Frameworks */ = {isa = PBXBuildFile; fileRef = D8A3BF9B187C895E006CBF64 /* UIKit.framework */; };
		D8A3BFA2187C895E006CBF64 /* InfoPlist.strings in Resources */ = {isa = PBXBuildFile; fileRef = D8A3BFA0187C895E006CBF64 /* InfoPlist.strings */; };
		D8A3BFA4187C895E006CBF64 /* main.m in Sources */ = {isa = PBXBuildFile; fileRef = D8A3BFA3187C895E006CBF64 /* main.m */; };
		D8A3BFAA187C895E006CBF64 /* Images.xcassets in Resources */ = {isa = PBXBuildFile; fileRef = D8A3BFA9187C895E006CBF64 /* Images.xcassets */; };
		D8A3BFB1187C895F006CBF64 /* XCTest.framework in Frameworks */ = {isa = PBXBuildFile; fileRef = D8A3BFB0187C895F006CBF64 /* XCTest.framework */; };
		D8A3BFB2187C895F006CBF64 /* Foundation.framework in Frameworks */ = {isa = PBXBuildFile; fileRef = D8A3BF97187C895E006CBF64 /* Foundation.framework */; };
		D8A3BFB3187C895F006CBF64 /* UIKit.framework in Frameworks */ = {isa = PBXBuildFile; fileRef = D8A3BF9B187C895E006CBF64 /* UIKit.framework */; };
		D8A3BFBB187C895F006CBF64 /* InfoPlist.strings in Resources */ = {isa = PBXBuildFile; fileRef = D8A3BFB9187C895F006CBF64 /* InfoPlist.strings */; };
		D8A3BFBD187C895F006CBF64 /* BUClientTests.m in Sources */ = {isa = PBXBuildFile; fileRef = D8A3BFBC187C895F006CBF64 /* BUClientTests.m */; };
		D8A771AF189B1DFA001E4431 /* Default-568h@2x.png in Resources */ = {isa = PBXBuildFile; fileRef = D8A771AE189B1DFA001E4431 /* Default-568h@2x.png */; };
		D8A8E1C618B3657400D355D4 /* funny.png in Resources */ = {isa = PBXBuildFile; fileRef = D8A8E1C518B3657400D355D4 /* funny.png */; };
		D8B766F519F41A1A00EB63D2 /* BUCAuthManager.m in Sources */ = {isa = PBXBuildFile; fileRef = D8B766F419F41A1A00EB63D2 /* BUCAuthManager.m */; };
		D8B766F819F4FCA100EB63D2 /* BUCDataManager.m in Sources */ = {isa = PBXBuildFile; fileRef = D8B766F719F4FCA100EB63D2 /* BUCDataManager.m */; };
		D8B766FB19F50D1C00EB63D2 /* BUCPost.m in Sources */ = {isa = PBXBuildFile; fileRef = D8B766FA19F50D1C00EB63D2 /* BUCPost.m */; };
		D8BFD97C18942F9D0059DBDE /* screen1136x1136.png in Resources */ = {isa = PBXBuildFile; fileRef = D8BFD97B18942F9D0059DBDE /* screen1136x1136.png */; };
		D8CF3DC018ABEAEF009080E4 /* menu.png in Resources */ = {isa = PBXBuildFile; fileRef = D8CF3DBF18ABEAEF009080E4 /* menu.png */; };
		D8E3A88919FB42940047531E /* BUCListItem.m in Sources */ = {isa = PBXBuildFile; fileRef = D8E3A88819FB42940047531E /* BUCListItem.m */; };
		D8E46E9E1A0327910061C8DA /* BUCPostDetailController.m in Sources */ = {isa = PBXBuildFile; fileRef = D8E46E9D1A0327910061C8DA /* BUCPostDetailController.m */; };
/* End PBXBuildFile section */

/* Begin PBXContainerItemProxy section */
		D8A3BFB4187C895F006CBF64 /* PBXContainerItemProxy */ = {
			isa = PBXContainerItemProxy;
			containerPortal = D8A3BF8C187C895E006CBF64 /* Project object */;
			proxyType = 1;
			remoteGlobalIDString = D8A3BF93187C895E006CBF64;
			remoteInfo = BUClient;
		};
/* End PBXContainerItemProxy section */

/* Begin PBXFileReference section */
		D8114CA9189012BC00F0E1A7 /* BUCAppDelegate.h */ = {isa = PBXFileReference; fileEncoding = 4; lastKnownFileType = sourcecode.c.h; path = BUCAppDelegate.h; sourceTree = "<group>"; };
		D8114CAA189012BC00F0E1A7 /* BUCAppDelegate.m */ = {isa = PBXFileReference; fileEncoding = 4; lastKnownFileType = sourcecode.c.objc; path = BUCAppDelegate.m; sourceTree = "<group>"; };
		D8114CAC189012BC00F0E1A7 /* BUCContentController.h */ = {isa = PBXFileReference; fileEncoding = 4; lastKnownFileType = sourcecode.c.h; path = BUCContentController.h; sourceTree = "<group>"; };
		D8114CAD189012BC00F0E1A7 /* BUCContentController.m */ = {isa = PBXFileReference; fileEncoding = 4; lastKnownFileType = sourcecode.c.objc; path = BUCContentController.m; sourceTree = "<group>"; };
		D8114CAE189012BC00F0E1A7 /* BUCPostListController.h */ = {isa = PBXFileReference; fileEncoding = 4; lastKnownFileType = sourcecode.c.h; path = BUCPostListController.h; sourceTree = "<group>"; };
		D8114CAF189012BC00F0E1A7 /* BUCPostListController.m */ = {isa = PBXFileReference; fileEncoding = 4; lastKnownFileType = sourcecode.c.objc; path = BUCPostListController.m; sourceTree = "<group>"; };
		D8114CB2189012BC00F0E1A7 /* BUCLoginController.h */ = {isa = PBXFileReference; fileEncoding = 4; lastKnownFileType = sourcecode.c.h; path = BUCLoginController.h; sourceTree = "<group>"; };
		D8114CB3189012BC00F0E1A7 /* BUCLoginController.m */ = {isa = PBXFileReference; fileEncoding = 4; lastKnownFileType = sourcecode.c.objc; path = BUCLoginController.m; sourceTree = "<group>"; };
		D8114CB4189012BC00F0E1A7 /* BUCRootController.h */ = {isa = PBXFileReference; fileEncoding = 4; lastKnownFileType = sourcecode.c.h; path = BUCRootController.h; sourceTree = "<group>"; };
		D8114CB5189012BC00F0E1A7 /* BUCRootController.m */ = {isa = PBXFileReference; fileEncoding = 4; lastKnownFileType = sourcecode.c.objc; path = BUCRootController.m; sourceTree = "<group>"; };
		D8114CC6189012BC00F0E1A7 /* home.png */ = {isa = PBXFileReference; lastKnownFileType = image.png; path = home.png; sourceTree = "<group>"; };
		D8114CC7189012BC00F0E1A7 /* left.png */ = {isa = PBXFileReference; lastKnownFileType = image.png; path = left.png; sourceTree = "<group>"; };
		D8114CC8189012BC00F0E1A7 /* list.png */ = {isa = PBXFileReference; lastKnownFileType = image.png; path = list.png; sourceTree = "<group>"; };
		D8114CC9189012BC00F0E1A7 /* logout.png */ = {isa = PBXFileReference; lastKnownFileType = image.png; path = logout.png; sourceTree = "<group>"; };
		D8114CCB189012BC00F0E1A7 /* more.png */ = {isa = PBXFileReference; lastKnownFileType = image.png; path = more.png; sourceTree = "<group>"; };
		D8114CCC189012BC00F0E1A7 /* out.png */ = {isa = PBXFileReference; lastKnownFileType = image.png; path = out.png; sourceTree = "<group>"; };
		D8114CCE189012BC00F0E1A7 /* right.png */ = {isa = PBXFileReference; lastKnownFileType = image.png; path = right.png; sourceTree = "<group>"; };
		D8114CCF189012BC00F0E1A7 /* settings.png */ = {isa = PBXFileReference; lastKnownFileType = image.png; path = settings.png; sourceTree = "<group>"; };
		D8114CD0189012BC00F0E1A7 /* user.png */ = {isa = PBXFileReference; lastKnownFileType = image.png; path = user.png; sourceTree = "<group>"; };
		D8114CD2189012BC00F0E1A7 /* avatar.png */ = {isa = PBXFileReference; lastKnownFileType = image.png; path = avatar.png; sourceTree = "<group>"; };
		D8114CD3189012BC00F0E1A7 /* greyBackground.png */ = {isa = PBXFileReference; lastKnownFileType = image.png; path = greyBackground.png; sourceTree = "<group>"; };
		D8141E52189E2C1800342108 /* bunny.gif */ = {isa = PBXFileReference; lastKnownFileType = image.gif; path = bunny.gif; sourceTree = "<group>"; };
		D8276DB918A516ED00C18C52 /* BUCPicker.xib */ = {isa = PBXFileReference; fileEncoding = 4; lastKnownFileType = file.xib; path = BUCPicker.xib; sourceTree = "<group>"; };
		D854166119FCA0C800013A1B /* TFHpple.h */ = {isa = PBXFileReference; fileEncoding = 4; lastKnownFileType = sourcecode.c.h; name = TFHpple.h; path = Happle/TFHpple.h; sourceTree = "<group>"; };
		D854166219FCA0C800013A1B /* TFHpple.m */ = {isa = PBXFileReference; fileEncoding = 4; lastKnownFileType = sourcecode.c.objc; name = TFHpple.m; path = Happle/TFHpple.m; sourceTree = "<group>"; };
		D854166319FCA0C800013A1B /* TFHppleElement.h */ = {isa = PBXFileReference; fileEncoding = 4; lastKnownFileType = sourcecode.c.h; name = TFHppleElement.h; path = Happle/TFHppleElement.h; sourceTree = "<group>"; };
		D854166419FCA0C800013A1B /* TFHppleElement.m */ = {isa = PBXFileReference; fileEncoding = 4; lastKnownFileType = sourcecode.c.objc; name = TFHppleElement.m; path = Happle/TFHppleElement.m; sourceTree = "<group>"; };
		D854166519FCA0C800013A1B /* XPathQuery.h */ = {isa = PBXFileReference; fileEncoding = 4; lastKnownFileType = sourcecode.c.h; name = XPathQuery.h; path = Happle/XPathQuery.h; sourceTree = "<group>"; };
		D854166619FCA0C800013A1B /* XPathQuery.m */ = {isa = PBXFileReference; fileEncoding = 4; lastKnownFileType = sourcecode.c.objc; name = XPathQuery.m; path = Happle/XPathQuery.m; sourceTree = "<group>"; };
		D854166A19FCA23300013A1B /* libxml2.dylib */ = {isa = PBXFileReference; lastKnownFileType = "compiled.mach-o.dylib"; name = libxml2.dylib; path = usr/lib/libxml2.dylib; sourceTree = SDKROOT; };
		D854166C19FCA88200013A1B /* libxml2.2.dylib */ = {isa = PBXFileReference; lastKnownFileType = "compiled.mach-o.dylib"; name = libxml2.2.dylib; path = usr/lib/libxml2.2.dylib; sourceTree = SDKROOT; };
		D878CF2518B2994B0007441A /* default.html */ = {isa = PBXFileReference; fileEncoding = 4; lastKnownFileType = text.html; path = default.html; sourceTree = "<group>"; };
		D8807DF119FE06C6008CB741 /* BUCNetworkEngine.h */ = {isa = PBXFileReference; fileEncoding = 4; lastKnownFileType = sourcecode.c.h; path = BUCNetworkEngine.h; sourceTree = "<group>"; };
		D8807DF219FE06C6008CB741 /* BUCNetworkEngine.m */ = {isa = PBXFileReference; fileEncoding = 4; lastKnownFileType = sourcecode.c.objc; path = BUCNetworkEngine.m; sourceTree = "<group>"; };
		D8807DF419FE06EB008CB741 /* BUCEmptySegue.h */ = {isa = PBXFileReference; fileEncoding = 4; lastKnownFileType = sourcecode.c.h; name = BUCEmptySegue.h; path = BUClient/Classes/Misc/BUCEmptySegue.h; sourceTree = SOURCE_ROOT; };
		D8807DF519FE06EB008CB741 /* BUCEmptySegue.m */ = {isa = PBXFileReference; fileEncoding = 4; lastKnownFileType = sourcecode.c.objc; name = BUCEmptySegue.m; path = BUClient/Classes/Misc/BUCEmptySegue.m; sourceTree = SOURCE_ROOT; };
		D8850A101A03BB1E00ADDE67 /* BUCTextButton.h */ = {isa = PBXFileReference; fileEncoding = 4; lastKnownFileType = sourcecode.c.h; path = BUCTextButton.h; sourceTree = "<group>"; };
		D8850A111A03BB1E00ADDE67 /* BUCTextButton.m */ = {isa = PBXFileReference; fileEncoding = 4; lastKnownFileType = sourcecode.c.objc; path = BUCTextButton.m; sourceTree = "<group>"; };
		D8A2461518910A9A00AFD27A /* Main.storyboard */ = {isa = PBXFileReference; fileEncoding = 4; lastKnownFileType = file.storyboard; path = Main.storyboard; sourceTree = "<group>"; };
		D8A3BF94187C895E006CBF64 /* BUClient.app */ = {isa = PBXFileReference; explicitFileType = wrapper.application; includeInIndex = 0; path = BUClient.app; sourceTree = BUILT_PRODUCTS_DIR; };
		D8A3BF97187C895E006CBF64 /* Foundation.framework */ = {isa = PBXFileReference; lastKnownFileType = wrapper.framework; name = Foundation.framework; path = System/Library/Frameworks/Foundation.framework; sourceTree = SDKROOT; };
		D8A3BF99187C895E006CBF64 /* CoreGraphics.framework */ = {isa = PBXFileReference; lastKnownFileType = wrapper.framework; name = CoreGraphics.framework; path = System/Library/Frameworks/CoreGraphics.framework; sourceTree = SDKROOT; };
		D8A3BF9B187C895E006CBF64 /* UIKit.framework */ = {isa = PBXFileReference; lastKnownFileType = wrapper.framework; name = UIKit.framework; path = System/Library/Frameworks/UIKit.framework; sourceTree = SDKROOT; };
		D8A3BF9F187C895E006CBF64 /* BUClient-Info.plist */ = {isa = PBXFileReference; lastKnownFileType = text.plist.xml; path = "BUClient-Info.plist"; sourceTree = "<group>"; };
		D8A3BFA1187C895E006CBF64 /* en */ = {isa = PBXFileReference; lastKnownFileType = text.plist.strings; name = en; path = en.lproj/InfoPlist.strings; sourceTree = "<group>"; };
		D8A3BFA3187C895E006CBF64 /* main.m */ = {isa = PBXFileReference; lastKnownFileType = sourcecode.c.objc; path = main.m; sourceTree = "<group>"; };
		D8A3BFA5187C895E006CBF64 /* BUClient-Prefix.pch */ = {isa = PBXFileReference; lastKnownFileType = sourcecode.c.h; path = "BUClient-Prefix.pch"; sourceTree = "<group>"; };
		D8A3BFA9187C895E006CBF64 /* Images.xcassets */ = {isa = PBXFileReference; lastKnownFileType = folder.assetcatalog; path = Images.xcassets; sourceTree = "<group>"; };
		D8A3BFAF187C895F006CBF64 /* BUClientTests.xctest */ = {isa = PBXFileReference; explicitFileType = wrapper.cfbundle; includeInIndex = 0; path = BUClientTests.xctest; sourceTree = BUILT_PRODUCTS_DIR; };
		D8A3BFB0187C895F006CBF64 /* XCTest.framework */ = {isa = PBXFileReference; lastKnownFileType = wrapper.framework; name = XCTest.framework; path = Library/Frameworks/XCTest.framework; sourceTree = DEVELOPER_DIR; };
		D8A3BFB8187C895F006CBF64 /* BUClientTests-Info.plist */ = {isa = PBXFileReference; lastKnownFileType = text.plist.xml; path = "BUClientTests-Info.plist"; sourceTree = "<group>"; };
		D8A3BFBA187C895F006CBF64 /* en */ = {isa = PBXFileReference; lastKnownFileType = text.plist.strings; name = en; path = en.lproj/InfoPlist.strings; sourceTree = "<group>"; };
		D8A3BFBC187C895F006CBF64 /* BUClientTests.m */ = {isa = PBXFileReference; lastKnownFileType = sourcecode.c.objc; path = BUClientTests.m; sourceTree = "<group>"; };
		D8A771AE189B1DFA001E4431 /* Default-568h@2x.png */ = {isa = PBXFileReference; lastKnownFileType = image.png; path = "Default-568h@2x.png"; sourceTree = "<group>"; };
		D8A8E1C518B3657400D355D4 /* funny.png */ = {isa = PBXFileReference; lastKnownFileType = image.png; path = funny.png; sourceTree = "<group>"; };
		D8B766F319F41A1A00EB63D2 /* BUCAuthManager.h */ = {isa = PBXFileReference; fileEncoding = 4; lastKnownFileType = sourcecode.c.h; path = BUCAuthManager.h; sourceTree = "<group>"; };
		D8B766F419F41A1A00EB63D2 /* BUCAuthManager.m */ = {isa = PBXFileReference; fileEncoding = 4; lastKnownFileType = sourcecode.c.objc; path = BUCAuthManager.m; sourceTree = "<group>"; };
		D8B766F619F4FCA100EB63D2 /* BUCDataManager.h */ = {isa = PBXFileReference; fileEncoding = 4; lastKnownFileType = sourcecode.c.h; path = BUCDataManager.h; sourceTree = "<group>"; };
		D8B766F719F4FCA100EB63D2 /* BUCDataManager.m */ = {isa = PBXFileReference; fileEncoding = 4; lastKnownFileType = sourcecode.c.objc; path = BUCDataManager.m; sourceTree = "<group>"; };
		D8B766F919F50D1C00EB63D2 /* BUCPost.h */ = {isa = PBXFileReference; fileEncoding = 4; lastKnownFileType = sourcecode.c.h; path = BUCPost.h; sourceTree = "<group>"; };
		D8B766FA19F50D1C00EB63D2 /* BUCPost.m */ = {isa = PBXFileReference; fileEncoding = 4; lastKnownFileType = sourcecode.c.objc; path = BUCPost.m; sourceTree = "<group>"; };
		D8BFD97B18942F9D0059DBDE /* screen1136x1136.png */ = {isa = PBXFileReference; lastKnownFileType = image.png; path = screen1136x1136.png; sourceTree = "<group>"; };
		D8CF3DBF18ABEAEF009080E4 /* menu.png */ = {isa = PBXFileReference; lastKnownFileType = image.png; path = menu.png; sourceTree = "<group>"; };
		D8E3A88219F937750047531E /* CoreText.framework */ = {isa = PBXFileReference; lastKnownFileType = wrapper.framework; name = CoreText.framework; path = System/Library/Frameworks/CoreText.framework; sourceTree = SDKROOT; };
		D8E3A88719FB42940047531E /* BUCListItem.h */ = {isa = PBXFileReference; fileEncoding = 4; lastKnownFileType = sourcecode.c.h; path = BUCListItem.h; sourceTree = "<group>"; };
		D8E3A88819FB42940047531E /* BUCListItem.m */ = {isa = PBXFileReference; fileEncoding = 4; lastKnownFileType = sourcecode.c.objc; path = BUCListItem.m; sourceTree = "<group>"; };
		D8E46E9C1A0327910061C8DA /* BUCPostDetailController.h */ = {isa = PBXFileReference; fileEncoding = 4; lastKnownFileType = sourcecode.c.h; path = BUCPostDetailController.h; sourceTree = "<group>"; };
		D8E46E9D1A0327910061C8DA /* BUCPostDetailController.m */ = {isa = PBXFileReference; fileEncoding = 4; lastKnownFileType = sourcecode.c.objc; path = BUCPostDetailController.m; sourceTree = "<group>"; };
/* End PBXFileReference section */

/* Begin PBXFrameworksBuildPhase section */
		D8A3BF91187C895E006CBF64 /* Frameworks */ = {
			isa = PBXFrameworksBuildPhase;
			buildActionMask = 2147483647;
			files = (
				D854166D19FCA88200013A1B /* libxml2.2.dylib in Frameworks */,
				D8A3BF9A187C895E006CBF64 /* CoreGraphics.framework in Frameworks */,
				D8A3BF9C187C895E006CBF64 /* UIKit.framework in Frameworks */,
				D8A3BF98187C895E006CBF64 /* Foundation.framework in Frameworks */,
			);
			runOnlyForDeploymentPostprocessing = 0;
		};
		D8A3BFAC187C895F006CBF64 /* Frameworks */ = {
			isa = PBXFrameworksBuildPhase;
			buildActionMask = 2147483647;
			files = (
				D8A3BFB1187C895F006CBF64 /* XCTest.framework in Frameworks */,
				D8A3BFB3187C895F006CBF64 /* UIKit.framework in Frameworks */,
				D8A3BFB2187C895F006CBF64 /* Foundation.framework in Frameworks */,
			);
			runOnlyForDeploymentPostprocessing = 0;
		};
/* End PBXFrameworksBuildPhase section */

/* Begin PBXGroup section */
		D8114CA7189012BC00F0E1A7 /* Classes */ = {
			isa = PBXGroup;
			children = (
				D854165719FC9FDA00013A1B /* Happle */,
				D8BFD9701892972A0059DBDE /* Models */,
				D8114CA8189012BC00F0E1A7 /* AppDelegate */,
				D8114CAB189012BC00F0E1A7 /* Controllers */,
				D8114CB8189012BC00F0E1A7 /* Misc */,
				D8114CBD189012BC00F0E1A7 /* Views */,
			);
			path = Classes;
			sourceTree = "<group>";
		};
		D8114CA8189012BC00F0E1A7 /* AppDelegate */ = {
			isa = PBXGroup;
			children = (
				D8114CA9189012BC00F0E1A7 /* BUCAppDelegate.h */,
				D8114CAA189012BC00F0E1A7 /* BUCAppDelegate.m */,
			);
			path = AppDelegate;
			sourceTree = "<group>";
		};
		D8114CAB189012BC00F0E1A7 /* Controllers */ = {
			isa = PBXGroup;
			children = (
				D8114CB2189012BC00F0E1A7 /* BUCLoginController.h */,
				D8114CB3189012BC00F0E1A7 /* BUCLoginController.m */,
				D8114CB4189012BC00F0E1A7 /* BUCRootController.h */,
				D8114CB5189012BC00F0E1A7 /* BUCRootController.m */,
				D8114CAC189012BC00F0E1A7 /* BUCContentController.h */,
				D8114CAD189012BC00F0E1A7 /* BUCContentController.m */,
				D8114CAE189012BC00F0E1A7 /* BUCPostListController.h */,
				D8114CAF189012BC00F0E1A7 /* BUCPostListController.m */,
				D8E46E9C1A0327910061C8DA /* BUCPostDetailController.h */,
				D8E46E9D1A0327910061C8DA /* BUCPostDetailController.m */,
			);
			path = Controllers;
			sourceTree = "<group>";
		};
		D8114CB8189012BC00F0E1A7 /* Misc */ = {
			isa = PBXGroup;
			children = (
				D8807DF419FE06EB008CB741 /* BUCEmptySegue.h */,
				D8807DF519FE06EB008CB741 /* BUCEmptySegue.m */,
			);
			name = Misc;
			path = Utilities;
			sourceTree = "<group>";
		};
		D8114CBD189012BC00F0E1A7 /* Views */ = {
			isa = PBXGroup;
			children = (
				D8E3A88719FB42940047531E /* BUCListItem.h */,
				D8E3A88819FB42940047531E /* BUCListItem.m */,
				D8850A101A03BB1E00ADDE67 /* BUCTextButton.h */,
				D8850A111A03BB1E00ADDE67 /* BUCTextButton.m */,
			);
			path = Views;
			sourceTree = "<group>";
		};
		D8114CC4189012BC00F0E1A7 /* Resources */ = {
			isa = PBXGroup;
			children = (
				D878CF2418B2994B0007441A /* layout */,
				D8141E4D189E2AB800342108 /* Gifs */,
				D8114CC5189012BC00F0E1A7 /* Icons */,
				D8114CD1189012BC00F0E1A7 /* Images */,
			);
			path = Resources;
			sourceTree = "<group>";
		};
		D8114CC5189012BC00F0E1A7 /* Icons */ = {
			isa = PBXGroup;
			children = (
				D8114CC6189012BC00F0E1A7 /* home.png */,
				D8114CC7189012BC00F0E1A7 /* left.png */,
				D8CF3DBF18ABEAEF009080E4 /* menu.png */,
				D8114CC8189012BC00F0E1A7 /* list.png */,
				D8114CC9189012BC00F0E1A7 /* logout.png */,
				D8114CCB189012BC00F0E1A7 /* more.png */,
				D8114CCC189012BC00F0E1A7 /* out.png */,
				D8114CCE189012BC00F0E1A7 /* right.png */,
				D8114CCF189012BC00F0E1A7 /* settings.png */,
				D8114CD0189012BC00F0E1A7 /* user.png */,
			);
			path = Icons;
			sourceTree = "<group>";
		};
		D8114CD1189012BC00F0E1A7 /* Images */ = {
			isa = PBXGroup;
			children = (
				D8BFD97B18942F9D0059DBDE /* screen1136x1136.png */,
				D8114CD2189012BC00F0E1A7 /* avatar.png */,
				D8114CD3189012BC00F0E1A7 /* greyBackground.png */,
				D8A8E1C518B3657400D355D4 /* funny.png */,
			);
			path = Images;
			sourceTree = "<group>";
		};
		D8141E4D189E2AB800342108 /* Gifs */ = {
			isa = PBXGroup;
			children = (
				D8141E52189E2C1800342108 /* bunny.gif */,
			);
			path = Gifs;
			sourceTree = "<group>";
		};
		D854165719FC9FDA00013A1B /* Happle */ = {
			isa = PBXGroup;
			children = (
				D854166119FCA0C800013A1B /* TFHpple.h */,
				D854166219FCA0C800013A1B /* TFHpple.m */,
				D854166319FCA0C800013A1B /* TFHppleElement.h */,
				D854166419FCA0C800013A1B /* TFHppleElement.m */,
				D854166519FCA0C800013A1B /* XPathQuery.h */,
				D854166619FCA0C800013A1B /* XPathQuery.m */,
			);
			name = Happle;
			sourceTree = "<group>";
		};
		D878CF2418B2994B0007441A /* layout */ = {
			isa = PBXGroup;
			children = (
				D878CF2518B2994B0007441A /* default.html */,
			);
			path = layout;
			sourceTree = "<group>";
		};
		D8A2461418910A9A00AFD27A /* UI */ = {
			isa = PBXGroup;
			children = (
				D8A2461518910A9A00AFD27A /* Main.storyboard */,
				D8276DB918A516ED00C18C52 /* BUCPicker.xib */,
			);
			path = UI;
			sourceTree = "<group>";
		};
		D8A3BF8B187C895E006CBF64 = {
			isa = PBXGroup;
			children = (
				D8A3BF9D187C895E006CBF64 /* BUClient */,
				D8A3BFB6187C895F006CBF64 /* BUClientTests */,
				D8A3BF96187C895E006CBF64 /* Frameworks */,
				D8A3BF95187C895E006CBF64 /* Products */,
			);
			sourceTree = "<group>";
		};
		D8A3BF95187C895E006CBF64 /* Products */ = {
			isa = PBXGroup;
			children = (
				D8A3BF94187C895E006CBF64 /* BUClient.app */,
				D8A3BFAF187C895F006CBF64 /* BUClientTests.xctest */,
			);
			name = Products;
			sourceTree = "<group>";
		};
		D8A3BF96187C895E006CBF64 /* Frameworks */ = {
			isa = PBXGroup;
			children = (
				D854166C19FCA88200013A1B /* libxml2.2.dylib */,
				D854166A19FCA23300013A1B /* libxml2.dylib */,
				D8E3A88219F937750047531E /* CoreText.framework */,
				D8A3BF97187C895E006CBF64 /* Foundation.framework */,
				D8A3BF99187C895E006CBF64 /* CoreGraphics.framework */,
				D8A3BF9B187C895E006CBF64 /* UIKit.framework */,
				D8A3BFB0187C895F006CBF64 /* XCTest.framework */,
			);
			name = Frameworks;
			sourceTree = "<group>";
		};
		D8A3BF9D187C895E006CBF64 /* BUClient */ = {
			isa = PBXGroup;
			children = (
				D8A2461418910A9A00AFD27A /* UI */,
				D8114CA7189012BC00F0E1A7 /* Classes */,
				D8114CC4189012BC00F0E1A7 /* Resources */,
				D8A3BFA9187C895E006CBF64 /* Images.xcassets */,
				D8A3BF9E187C895E006CBF64 /* Supporting Files */,
			);
			path = BUClient;
			sourceTree = "<group>";
		};
		D8A3BF9E187C895E006CBF64 /* Supporting Files */ = {
			isa = PBXGroup;
			children = (
				D8A771AE189B1DFA001E4431 /* Default-568h@2x.png */,
				D8A3BF9F187C895E006CBF64 /* BUClient-Info.plist */,
				D8A3BFA0187C895E006CBF64 /* InfoPlist.strings */,
				D8A3BFA3187C895E006CBF64 /* main.m */,
				D8A3BFA5187C895E006CBF64 /* BUClient-Prefix.pch */,
			);
			name = "Supporting Files";
			sourceTree = "<group>";
		};
		D8A3BFB6187C895F006CBF64 /* BUClientTests */ = {
			isa = PBXGroup;
			children = (
				D8A3BFBC187C895F006CBF64 /* BUClientTests.m */,
				D8A3BFB7187C895F006CBF64 /* Supporting Files */,
			);
			path = BUClientTests;
			sourceTree = "<group>";
		};
		D8A3BFB7187C895F006CBF64 /* Supporting Files */ = {
			isa = PBXGroup;
			children = (
				D8A3BFB8187C895F006CBF64 /* BUClientTests-Info.plist */,
				D8A3BFB9187C895F006CBF64 /* InfoPlist.strings */,
			);
			name = "Supporting Files";
			sourceTree = "<group>";
		};
		D8BFD9701892972A0059DBDE /* Models */ = {
			isa = PBXGroup;
			children = (
				D8807DF119FE06C6008CB741 /* BUCNetworkEngine.h */,
				D8807DF219FE06C6008CB741 /* BUCNetworkEngine.m */,
				D8B766F319F41A1A00EB63D2 /* BUCAuthManager.h */,
				D8B766F419F41A1A00EB63D2 /* BUCAuthManager.m */,
				D8B766F619F4FCA100EB63D2 /* BUCDataManager.h */,
				D8B766F719F4FCA100EB63D2 /* BUCDataManager.m */,
				D8B766F919F50D1C00EB63D2 /* BUCPost.h */,
				D8B766FA19F50D1C00EB63D2 /* BUCPost.m */,
			);
			path = Models;
			sourceTree = "<group>";
		};
/* End PBXGroup section */

/* Begin PBXNativeTarget section */
		D8A3BF93187C895E006CBF64 /* BUClient */ = {
			isa = PBXNativeTarget;
			buildConfigurationList = D8A3BFC0187C895F006CBF64 /* Build configuration list for PBXNativeTarget "BUClient" */;
			buildPhases = (
				D8A3BF90187C895E006CBF64 /* Sources */,
				D8A3BF91187C895E006CBF64 /* Frameworks */,
				D8A3BF92187C895E006CBF64 /* Resources */,
			);
			buildRules = (
			);
			dependencies = (
			);
			name = BUClient;
			productName = BUClient;
			productReference = D8A3BF94187C895E006CBF64 /* BUClient.app */;
			productType = "com.apple.product-type.application";
		};
		D8A3BFAE187C895F006CBF64 /* BUClientTests */ = {
			isa = PBXNativeTarget;
			buildConfigurationList = D8A3BFC3187C895F006CBF64 /* Build configuration list for PBXNativeTarget "BUClientTests" */;
			buildPhases = (
				D8A3BFAB187C895F006CBF64 /* Sources */,
				D8A3BFAC187C895F006CBF64 /* Frameworks */,
				D8A3BFAD187C895F006CBF64 /* Resources */,
			);
			buildRules = (
			);
			dependencies = (
				D8A3BFB5187C895F006CBF64 /* PBXTargetDependency */,
			);
			name = BUClientTests;
			productName = BUClientTests;
			productReference = D8A3BFAF187C895F006CBF64 /* BUClientTests.xctest */;
			productType = "com.apple.product-type.bundle.unit-test";
		};
/* End PBXNativeTarget section */

/* Begin PBXProject section */
		D8A3BF8C187C895E006CBF64 /* Project object */ = {
			isa = PBXProject;
			attributes = {
				CLASSPREFIX = BUC;
				LastUpgradeCheck = 0510;
				ORGANIZATIONNAME = Jox;
				TargetAttributes = {
					D8A3BFAE187C895F006CBF64 = {
						TestTargetID = D8A3BF93187C895E006CBF64;
					};
				};
			};
			buildConfigurationList = D8A3BF8F187C895E006CBF64 /* Build configuration list for PBXProject "BUClient" */;
			compatibilityVersion = "Xcode 3.2";
			developmentRegion = English;
			hasScannedForEncodings = 0;
			knownRegions = (
				en,
			);
			mainGroup = D8A3BF8B187C895E006CBF64;
			productRefGroup = D8A3BF95187C895E006CBF64 /* Products */;
			projectDirPath = "";
			projectRoot = "";
			targets = (
				D8A3BF93187C895E006CBF64 /* BUClient */,
				D8A3BFAE187C895F006CBF64 /* BUClientTests */,
			);
		};
/* End PBXProject section */

/* Begin PBXResourcesBuildPhase section */
		D8A3BF92187C895E006CBF64 /* Resources */ = {
			isa = PBXResourcesBuildPhase;
			buildActionMask = 2147483647;
			files = (
				D878CF2618B2994B0007441A /* default.html in Resources */,
				D8114CE0189012BC00F0E1A7 /* home.png in Resources */,
				D8114CE6189012BC00F0E1A7 /* out.png in Resources */,
				D8114CEA189012BC00F0E1A7 /* user.png in Resources */,
				D8114CE5189012BC00F0E1A7 /* more.png in Resources */,
				D8114CEB189012BC00F0E1A7 /* avatar.png in Resources */,
				D8276DBA18A516ED00C18C52 /* BUCPicker.xib in Resources */,
				D8A2461718910A9A00AFD27A /* Main.storyboard in Resources */,
				D8A8E1C618B3657400D355D4 /* funny.png in Resources */,
				D8114CE1189012BC00F0E1A7 /* left.png in Resources */,
				D8114CE8189012BC00F0E1A7 /* right.png in Resources */,
				D8A3BFA2187C895E006CBF64 /* InfoPlist.strings in Resources */,
				D8A771AF189B1DFA001E4431 /* Default-568h@2x.png in Resources */,
				D8BFD97C18942F9D0059DBDE /* screen1136x1136.png in Resources */,
				D8CF3DC018ABEAEF009080E4 /* menu.png in Resources */,
				D8141E53189E2C1800342108 /* bunny.gif in Resources */,
				D8A3BFAA187C895E006CBF64 /* Images.xcassets in Resources */,
				D8114CE3189012BC00F0E1A7 /* logout.png in Resources */,
				D8114CEC189012BC00F0E1A7 /* greyBackground.png in Resources */,
				D8114CE9189012BC00F0E1A7 /* settings.png in Resources */,
				D8114CE2189012BC00F0E1A7 /* list.png in Resources */,
			);
			runOnlyForDeploymentPostprocessing = 0;
		};
		D8A3BFAD187C895F006CBF64 /* Resources */ = {
			isa = PBXResourcesBuildPhase;
			buildActionMask = 2147483647;
			files = (
				D8A3BFBB187C895F006CBF64 /* InfoPlist.strings in Resources */,
			);
			runOnlyForDeploymentPostprocessing = 0;
		};
/* End PBXResourcesBuildPhase section */

/* Begin PBXSourcesBuildPhase section */
		D8A3BF90187C895E006CBF64 /* Sources */ = {
			isa = PBXSourcesBuildPhase;
			buildActionMask = 2147483647;
			files = (
				D8B766FB19F50D1C00EB63D2 /* BUCPost.m in Sources */,
				D8114CD9189012BC00F0E1A7 /* BUCRootController.m in Sources */,
				D8E46E9E1A0327910061C8DA /* BUCPostDetailController.m in Sources */,
				D8E3A88919FB42940047531E /* BUCListItem.m in Sources */,
				D8B766F819F4FCA100EB63D2 /* BUCDataManager.m in Sources */,
				D8A3BFA4187C895E006CBF64 /* main.m in Sources */,
				D8114CD4189012BC00F0E1A7 /* BUCAppDelegate.m in Sources */,
				D8807DF319FE06C6008CB741 /* BUCNetworkEngine.m in Sources */,
				D854166819FCA0C800013A1B /* TFHppleElement.m in Sources */,
				D8807DF619FE06EB008CB741 /* BUCEmptySegue.m in Sources */,
				D8114CD6189012BC00F0E1A7 /* BUCPostListController.m in Sources */,
				D8B766F519F41A1A00EB63D2 /* BUCAuthManager.m in Sources */,
				D854166719FCA0C800013A1B /* TFHpple.m in Sources */,
				D8114CD5189012BC00F0E1A7 /* BUCContentController.m in Sources */,
				D8850A121A03BB1E00ADDE67 /* BUCTextButton.m in Sources */,
				D8114CD8189012BC00F0E1A7 /* BUCLoginController.m in Sources */,
				D854166919FCA0C800013A1B /* XPathQuery.m in Sources */,
			);
			runOnlyForDeploymentPostprocessing = 0;
		};
		D8A3BFAB187C895F006CBF64 /* Sources */ = {
			isa = PBXSourcesBuildPhase;
			buildActionMask = 2147483647;
			files = (
				D8A3BFBD187C895F006CBF64 /* BUClientTests.m in Sources */,
			);
			runOnlyForDeploymentPostprocessing = 0;
		};
/* End PBXSourcesBuildPhase section */

/* Begin PBXTargetDependency section */
		D8A3BFB5187C895F006CBF64 /* PBXTargetDependency */ = {
			isa = PBXTargetDependency;
			target = D8A3BF93187C895E006CBF64 /* BUClient */;
			targetProxy = D8A3BFB4187C895F006CBF64 /* PBXContainerItemProxy */;
		};
/* End PBXTargetDependency section */

/* Begin PBXVariantGroup section */
		D8A3BFA0187C895E006CBF64 /* InfoPlist.strings */ = {
			isa = PBXVariantGroup;
			children = (
				D8A3BFA1187C895E006CBF64 /* en */,
			);
			name = InfoPlist.strings;
			sourceTree = "<group>";
		};
		D8A3BFB9187C895F006CBF64 /* InfoPlist.strings */ = {
			isa = PBXVariantGroup;
			children = (
				D8A3BFBA187C895F006CBF64 /* en */,
			);
			name = InfoPlist.strings;
			sourceTree = "<group>";
		};
/* End PBXVariantGroup section */

/* Begin XCBuildConfiguration section */
		D8A3BFBE187C895F006CBF64 /* Debug */ = {
			isa = XCBuildConfiguration;
			buildSettings = {
				ALWAYS_SEARCH_USER_PATHS = NO;
				CLANG_CXX_LANGUAGE_STANDARD = "gnu++0x";
				CLANG_CXX_LIBRARY = "libc++";
				CLANG_ENABLE_MODULES = YES;
				CLANG_ENABLE_OBJC_ARC = YES;
				CLANG_WARN_BOOL_CONVERSION = YES;
				CLANG_WARN_CONSTANT_CONVERSION = YES;
				CLANG_WARN_DIRECT_OBJC_ISA_USAGE = YES_ERROR;
				CLANG_WARN_EMPTY_BODY = YES;
				CLANG_WARN_ENUM_CONVERSION = YES;
				CLANG_WARN_INT_CONVERSION = YES;
				CLANG_WARN_OBJC_ROOT_CLASS = YES_ERROR;
				CLANG_WARN__DUPLICATE_METHOD_MATCH = YES;
				"CODE_SIGN_IDENTITY[sdk=iphoneos*]" = "iPhone Developer";
				COPY_PHASE_STRIP = NO;
				GCC_C_LANGUAGE_STANDARD = gnu99;
				GCC_DYNAMIC_NO_PIC = NO;
				GCC_OPTIMIZATION_LEVEL = 0;
				GCC_PREPROCESSOR_DEFINITIONS = (
					"DEBUG=1",
					"$(inherited)",
				);
				GCC_SYMBOLS_PRIVATE_EXTERN = NO;
				GCC_WARN_64_TO_32_BIT_CONVERSION = YES;
				GCC_WARN_ABOUT_RETURN_TYPE = YES_ERROR;
				GCC_WARN_UNDECLARED_SELECTOR = YES;
				GCC_WARN_UNINITIALIZED_AUTOS = YES;
				GCC_WARN_UNUSED_FUNCTION = YES;
				GCC_WARN_UNUSED_VARIABLE = YES;
				HEADER_SEARCH_PATHS = (
					"$(inherited)",
					/Applications/Xcode.app/Contents/Developer/Toolchains/XcodeDefault.xctoolchain/usr/include,
					"$(SDKROOT)/usr/include/libxml2",
				);
				IPHONEOS_DEPLOYMENT_TARGET = 8.1;
				ONLY_ACTIVE_ARCH = YES;
				SDKROOT = iphoneos;
			};
			name = Debug;
		};
		D8A3BFBF187C895F006CBF64 /* Release */ = {
			isa = XCBuildConfiguration;
			buildSettings = {
				ALWAYS_SEARCH_USER_PATHS = NO;
				CLANG_CXX_LANGUAGE_STANDARD = "gnu++0x";
				CLANG_CXX_LIBRARY = "libc++";
				CLANG_ENABLE_MODULES = YES;
				CLANG_ENABLE_OBJC_ARC = YES;
				CLANG_WARN_BOOL_CONVERSION = YES;
				CLANG_WARN_CONSTANT_CONVERSION = YES;
				CLANG_WARN_DIRECT_OBJC_ISA_USAGE = YES_ERROR;
				CLANG_WARN_EMPTY_BODY = YES;
				CLANG_WARN_ENUM_CONVERSION = YES;
				CLANG_WARN_INT_CONVERSION = YES;
				CLANG_WARN_OBJC_ROOT_CLASS = YES_ERROR;
				CLANG_WARN__DUPLICATE_METHOD_MATCH = YES;
				"CODE_SIGN_IDENTITY[sdk=iphoneos*]" = "iPhone Developer";
				COPY_PHASE_STRIP = YES;
				ENABLE_NS_ASSERTIONS = NO;
				GCC_C_LANGUAGE_STANDARD = gnu99;
				GCC_WARN_64_TO_32_BIT_CONVERSION = YES;
				GCC_WARN_ABOUT_RETURN_TYPE = YES_ERROR;
				GCC_WARN_UNDECLARED_SELECTOR = YES;
				GCC_WARN_UNINITIALIZED_AUTOS = YES;
				GCC_WARN_UNUSED_FUNCTION = YES;
				GCC_WARN_UNUSED_VARIABLE = YES;
				HEADER_SEARCH_PATHS = (
					"$(inherited)",
					/Applications/Xcode.app/Contents/Developer/Toolchains/XcodeDefault.xctoolchain/usr/include,
					"$(SDKROOT)/usr/include/libxml2",
				);
				IPHONEOS_DEPLOYMENT_TARGET = 8.1;
				SDKROOT = iphoneos;
				VALIDATE_PRODUCT = YES;
			};
			name = Release;
		};
		D8A3BFC1187C895F006CBF64 /* Debug */ = {
			isa = XCBuildConfiguration;
			buildSettings = {
				ASSETCATALOG_COMPILER_APPICON_NAME = AppIcon;
				GCC_PRECOMPILE_PREFIX_HEADER = YES;
				GCC_PREFIX_HEADER = "BUClient/BUClient-Prefix.pch";
				INFOPLIST_FILE = "BUClient/BUClient-Info.plist";
				IPHONEOS_DEPLOYMENT_TARGET = 7.1;
				PRODUCT_NAME = "$(TARGET_NAME)";
				WRAPPER_EXTENSION = app;
			};
			name = Debug;
		};
		D8A3BFC2187C895F006CBF64 /* Release */ = {
			isa = XCBuildConfiguration;
			buildSettings = {
				ASSETCATALOG_COMPILER_APPICON_NAME = AppIcon;
				GCC_PRECOMPILE_PREFIX_HEADER = YES;
				GCC_PREFIX_HEADER = "BUClient/BUClient-Prefix.pch";
				INFOPLIST_FILE = "BUClient/BUClient-Info.plist";
				IPHONEOS_DEPLOYMENT_TARGET = 7.1;
				PRODUCT_NAME = "$(TARGET_NAME)";
				WRAPPER_EXTENSION = app;
			};
			name = Release;
		};
		D8A3BFC4187C895F006CBF64 /* Debug */ = {
			isa = XCBuildConfiguration;
			buildSettings = {
				BUNDLE_LOADER = "$(BUILT_PRODUCTS_DIR)/BUClient.app/BUClient";
				FRAMEWORK_SEARCH_PATHS = (
					"$(SDKROOT)/Developer/Library/Frameworks",
					"$(inherited)",
					"$(DEVELOPER_FRAMEWORKS_DIR)",
				);
				GCC_PRECOMPILE_PREFIX_HEADER = YES;
				GCC_PREFIX_HEADER = "BUClient/BUClient-Prefix.pch";
				GCC_PREPROCESSOR_DEFINITIONS = (
					"DEBUG=1",
					"$(inherited)",
				);
				INFOPLIST_FILE = "BUClientTests/BUClientTests-Info.plist";
				PRODUCT_NAME = "$(TARGET_NAME)";
				TEST_HOST = "$(BUNDLE_LOADER)";
				WRAPPER_EXTENSION = xctest;
			};
			name = Debug;
		};
		D8A3BFC5187C895F006CBF64 /* Release */ = {
			isa = XCBuildConfiguration;
			buildSettings = {
				BUNDLE_LOADER = "$(BUILT_PRODUCTS_DIR)/BUClient.app/BUClient";
				FRAMEWORK_SEARCH_PATHS = (
					"$(SDKROOT)/Developer/Library/Frameworks",
					"$(inherited)",
					"$(DEVELOPER_FRAMEWORKS_DIR)",
				);
				GCC_PRECOMPILE_PREFIX_HEADER = YES;
				GCC_PREFIX_HEADER = "BUClient/BUClient-Prefix.pch";
				INFOPLIST_FILE = "BUClientTests/BUClientTests-Info.plist";
				PRODUCT_NAME = "$(TARGET_NAME)";
				TEST_HOST = "$(BUNDLE_LOADER)";
				WRAPPER_EXTENSION = xctest;
			};
			name = Release;
		};
/* End XCBuildConfiguration section */

/* Begin XCConfigurationList section */
		D8A3BF8F187C895E006CBF64 /* Build configuration list for PBXProject "BUClient" */ = {
			isa = XCConfigurationList;
			buildConfigurations = (
				D8A3BFBE187C895F006CBF64 /* Debug */,
				D8A3BFBF187C895F006CBF64 /* Release */,
			);
			defaultConfigurationIsVisible = 0;
			defaultConfigurationName = Release;
		};
		D8A3BFC0187C895F006CBF64 /* Build configuration list for PBXNativeTarget "BUClient" */ = {
			isa = XCConfigurationList;
			buildConfigurations = (
				D8A3BFC1187C895F006CBF64 /* Debug */,
				D8A3BFC2187C895F006CBF64 /* Release */,
			);
			defaultConfigurationIsVisible = 0;
			defaultConfigurationName = Release;
		};
		D8A3BFC3187C895F006CBF64 /* Build configuration list for PBXNativeTarget "BUClientTests" */ = {
			isa = XCConfigurationList;
			buildConfigurations = (
				D8A3BFC4187C895F006CBF64 /* Debug */,
				D8A3BFC5187C895F006CBF64 /* Release */,
			);
			defaultConfigurationIsVisible = 0;
			defaultConfigurationName = Release;
		};
/* End XCConfigurationList section */
	};
	rootObject = D8A3BF8C187C895E006CBF64 /* Project object */;
}
